<?xml version="1.0" encoding="utf-8"?>
<Project ToolsVersion="4.0" xmlns="http://schemas.microsoft.com/developer/msbuild/2003">
  <ItemGroup>
    <Filter Include="source">
      <UniqueIdentifier>{4FC737F1-C7A5-4376-A066-2A32D752A2FF}</UniqueIdentifier>
      <Extensions>cpp;c;cc;cxx;c++;cppm;ixx;def;odl;idl;hpj;bat;asm;asmx</Extensions>
    </Filter>
    <Filter Include="hook">
      <UniqueIdentifier>{fdf2f535-c76d-433d-acfa-e7315a41cf1d}</UniqueIdentifier>
    </Filter>
  </ItemGroup>
  <ItemGroup>
    <ClCompile Include="source.cpp">
      <Filter>source</Filter>
    </ClCompile>
    <ClCompile Include="v_hook.hpp">
      <Filter>hook</Filter>
    </ClCompile>
    <ClCompile Include="v_hook.cpp">
      <Filter>hook</Filter>
    </ClCompile>
  </ItemGroup>
  <ItemGroup>
    <ClInclude Include="v_library.hpp">
      <Filter>source</Filter>
    </ClInclude>
    <ClInclude Include="logtut.hpp">
      <Filter>source</Filter>
    </ClInclude>
  </ItemGroup>
</Project>